// !$*UTF8*$!
{
	archiveVersion = 1;
	classes = {
	};
	objectVersion = 55;
	objects = {

/* Begin PBXBuildFile section */
		4837DD4A2806D4D4007A9710 /* LandmarksApp.swift in Sources */ = {isa = PBXBuildFile; fileRef = 4837DD492806D4D4007A9710 /* LandmarksApp.swift */; };
		4837DD4C2806D4D4007A9710 /* ContentView.swift in Sources */ = {isa = PBXBuildFile; fileRef = 4837DD4B2806D4D4007A9710 /* ContentView.swift */; };
		4837DD4E2806D4D9007A9710 /* Assets.xcassets in Resources */ = {isa = PBXBuildFile; fileRef = 4837DD4D2806D4D9007A9710 /* Assets.xcassets */; };
		4837DD512806D4D9007A9710 /* Preview Assets.xcassets in Resources */ = {isa = PBXBuildFile; fileRef = 4837DD502806D4D9007A9710 /* Preview Assets.xcassets */; };
		4837DD5B2806D4DA007A9710 /* LandmarksTests.swift in Sources */ = {isa = PBXBuildFile; fileRef = 4837DD5A2806D4DA007A9710 /* LandmarksTests.swift */; };
		4837DD652806D4DA007A9710 /* LandmarksUITests.swift in Sources */ = {isa = PBXBuildFile; fileRef = 4837DD642806D4DA007A9710 /* LandmarksUITests.swift */; };
		4837DD672806D4DA007A9710 /* LandmarksUITestsLaunchTests.swift in Sources */ = {isa = PBXBuildFile; fileRef = 4837DD662806D4DA007A9710 /* LandmarksUITestsLaunchTests.swift */; };
		4837DD742806DB2B007A9710 /* CircleImage.swift in Sources */ = {isa = PBXBuildFile; fileRef = 4837DD732806DB2B007A9710 /* CircleImage.swift */; };
		4837DD762806DD62007A9710 /* MapView.swift in Sources */ = {isa = PBXBuildFile; fileRef = 4837DD752806DD62007A9710 /* MapView.swift */; };
		4837DD782806FFED007A9710 /* landmarkData.json in Resources */ = {isa = PBXBuildFile; fileRef = 4837DD772806FFED007A9710 /* landmarkData.json */; };
		4837DD7A2807000B007A9710 /* Landmark.swift in Sources */ = {isa = PBXBuildFile; fileRef = 4837DD792807000B007A9710 /* Landmark.swift */; };
		4837DD7C2807062C007A9710 /* ModelData.swift in Sources */ = {isa = PBXBuildFile; fileRef = 4837DD7B2807062C007A9710 /* ModelData.swift */; };
		4837DD8128100601007A9710 /* LandmarkRow.swift in Sources */ = {isa = PBXBuildFile; fileRef = 4837DD8028100601007A9710 /* LandmarkRow.swift */; };
		4837DD832810092D007A9710 /* LandmarkList.swift in Sources */ = {isa = PBXBuildFile; fileRef = 4837DD822810092D007A9710 /* LandmarkList.swift */; };
		4837DD8528100C32007A9710 /* LandmarkDetail.swift in Sources */ = {isa = PBXBuildFile; fileRef = 4837DD8428100C32007A9710 /* LandmarkDetail.swift */; };
		483EEE15283E753700B2D088 /* Profile.swift in Sources */ = {isa = PBXBuildFile; fileRef = 483EEE14283E753700B2D088 /* Profile.swift */; };
		483EEE18283E758F00B2D088 /* ProfileHost.swift in Sources */ = {isa = PBXBuildFile; fileRef = 483EEE17283E758F00B2D088 /* ProfileHost.swift */; };
		483EEE1A283E75C900B2D088 /* ProfileSummary.swift in Sources */ = {isa = PBXBuildFile; fileRef = 483EEE19283E75C900B2D088 /* ProfileSummary.swift */; };
		483EEE1C283E764600B2D088 /* HikeBadge.swift in Sources */ = {isa = PBXBuildFile; fileRef = 483EEE1B283E764600B2D088 /* HikeBadge.swift */; };
		4859A5AD283E316B002706C4 /* FavoriteButton.swift in Sources */ = {isa = PBXBuildFile; fileRef = 4859A5AC283E316B002706C4 /* FavoriteButton.swift */; };
		4859A5B1283E43A4002706C4 /* HexagonParameters.swift in Sources */ = {isa = PBXBuildFile; fileRef = 4859A5B0283E43A4002706C4 /* HexagonParameters.swift */; };
		4859A5B3283E472F002706C4 /* BadgeBackground.swift in Sources */ = {isa = PBXBuildFile; fileRef = 4859A5B2283E472F002706C4 /* BadgeBackground.swift */; };
		4859A5B6283E4CF3002706C4 /* BadgeSymbol.swift in Sources */ = {isa = PBXBuildFile; fileRef = 4859A5B5283E4CF3002706C4 /* BadgeSymbol.swift */; };
		4859A5B8283E4E02002706C4 /* RotatedBadgeSymbol.swift in Sources */ = {isa = PBXBuildFile; fileRef = 4859A5B7283E4E02002706C4 /* RotatedBadgeSymbol.swift */; };
		4859A5BA283E4E9B002706C4 /* Badge.swift in Sources */ = {isa = PBXBuildFile; fileRef = 4859A5B9283E4E9B002706C4 /* Badge.swift */; };
		4859A5BC283E524B002706C4 /* hikeData.json in Resources */ = {isa = PBXBuildFile; fileRef = 4859A5BB283E524B002706C4 /* hikeData.json */; };
		4859A5BE283E5267002706C4 /* Hike.swift in Sources */ = {isa = PBXBuildFile; fileRef = 4859A5BD283E5267002706C4 /* Hike.swift */; };
		4859A5C6283E5427002706C4 /* GraphCapsule.swift in Sources */ = {isa = PBXBuildFile; fileRef = 4859A5C2283E5427002706C4 /* GraphCapsule.swift */; };
		4859A5C7283E5427002706C4 /* HikeGraph.swift in Sources */ = {isa = PBXBuildFile; fileRef = 4859A5C3283E5427002706C4 /* HikeGraph.swift */; };
		4859A5C8283E5427002706C4 /* HikeDetail.swift in Sources */ = {isa = PBXBuildFile; fileRef = 4859A5C4283E5427002706C4 /* HikeDetail.swift */; };
		4859A5C9283E5427002706C4 /* HikeView.swift in Sources */ = {isa = PBXBuildFile; fileRef = 4859A5C5283E5427002706C4 /* HikeView.swift */; };
		4859A5CC283E6527002706C4 /* CategoryHome.swift in Sources */ = {isa = PBXBuildFile; fileRef = 4859A5CB283E6527002706C4 /* CategoryHome.swift */; };
		4859A5CE283E6822002706C4 /* CategoryRow.swift in Sources */ = {isa = PBXBuildFile; fileRef = 4859A5CD283E6822002706C4 /* CategoryRow.swift */; };
		4859A5D0283E69E7002706C4 /* CategoryItem.swift in Sources */ = {isa = PBXBuildFile; fileRef = 4859A5CF283E69E7002706C4 /* CategoryItem.swift */; };
/* End PBXBuildFile section */

/* Begin PBXContainerItemProxy section */
		4837DD572806D4DA007A9710 /* PBXContainerItemProxy */ = {
			isa = PBXContainerItemProxy;
			containerPortal = 4837DD3E2806D4D4007A9710 /* Project object */;
			proxyType = 1;
			remoteGlobalIDString = 4837DD452806D4D4007A9710;
			remoteInfo = Landmarks;
		};
		4837DD612806D4DA007A9710 /* PBXContainerItemProxy */ = {
			isa = PBXContainerItemProxy;
			containerPortal = 4837DD3E2806D4D4007A9710 /* Project object */;
			proxyType = 1;
			remoteGlobalIDString = 4837DD452806D4D4007A9710;
			remoteInfo = Landmarks;
		};
/* End PBXContainerItemProxy section */

/* Begin PBXFileReference section */
		4837DD462806D4D4007A9710 /* Landmarks.app */ = {isa = PBXFileReference; explicitFileType = wrapper.application; includeInIndex = 0; path = Landmarks.app; sourceTree = BUILT_PRODUCTS_DIR; };
		4837DD492806D4D4007A9710 /* LandmarksApp.swift */ = {isa = PBXFileReference; lastKnownFileType = sourcecode.swift; path = LandmarksApp.swift; sourceTree = "<group>"; };
		4837DD4B2806D4D4007A9710 /* ContentView.swift */ = {isa = PBXFileReference; lastKnownFileType = sourcecode.swift; path = ContentView.swift; sourceTree = "<group>"; };
		4837DD4D2806D4D9007A9710 /* Assets.xcassets */ = {isa = PBXFileReference; lastKnownFileType = folder.assetcatalog; path = Assets.xcassets; sourceTree = "<group>"; };
		4837DD502806D4D9007A9710 /* Preview Assets.xcassets */ = {isa = PBXFileReference; lastKnownFileType = folder.assetcatalog; path = "Preview Assets.xcassets"; sourceTree = "<group>"; };
		4837DD562806D4DA007A9710 /* LandmarksTests.xctest */ = {isa = PBXFileReference; explicitFileType = wrapper.cfbundle; includeInIndex = 0; path = LandmarksTests.xctest; sourceTree = BUILT_PRODUCTS_DIR; };
		4837DD5A2806D4DA007A9710 /* LandmarksTests.swift */ = {isa = PBXFileReference; lastKnownFileType = sourcecode.swift; path = LandmarksTests.swift; sourceTree = "<group>"; };
		4837DD602806D4DA007A9710 /* LandmarksUITests.xctest */ = {isa = PBXFileReference; explicitFileType = wrapper.cfbundle; includeInIndex = 0; path = LandmarksUITests.xctest; sourceTree = BUILT_PRODUCTS_DIR; };
		4837DD642806D4DA007A9710 /* LandmarksUITests.swift */ = {isa = PBXFileReference; lastKnownFileType = sourcecode.swift; path = LandmarksUITests.swift; sourceTree = "<group>"; };
		4837DD662806D4DA007A9710 /* LandmarksUITestsLaunchTests.swift */ = {isa = PBXFileReference; lastKnownFileType = sourcecode.swift; path = LandmarksUITestsLaunchTests.swift; sourceTree = "<group>"; };
		4837DD732806DB2B007A9710 /* CircleImage.swift */ = {isa = PBXFileReference; lastKnownFileType = sourcecode.swift; path = CircleImage.swift; sourceTree = "<group>"; };
		4837DD752806DD62007A9710 /* MapView.swift */ = {isa = PBXFileReference; lastKnownFileType = sourcecode.swift; path = MapView.swift; sourceTree = "<group>"; };
		4837DD772806FFED007A9710 /* landmarkData.json */ = {isa = PBXFileReference; fileEncoding = 4; lastKnownFileType = text.json; path = landmarkData.json; sourceTree = "<group>"; };
		4837DD792807000B007A9710 /* Landmark.swift */ = {isa = PBXFileReference; lastKnownFileType = sourcecode.swift; path = Landmark.swift; sourceTree = "<group>"; };
		4837DD7B2807062C007A9710 /* ModelData.swift */ = {isa = PBXFileReference; lastKnownFileType = sourcecode.swift; path = ModelData.swift; sourceTree = "<group>"; };
		4837DD8028100601007A9710 /* LandmarkRow.swift */ = {isa = PBXFileReference; lastKnownFileType = sourcecode.swift; path = LandmarkRow.swift; sourceTree = "<group>"; };
		4837DD822810092D007A9710 /* LandmarkList.swift */ = {isa = PBXFileReference; lastKnownFileType = sourcecode.swift; path = LandmarkList.swift; sourceTree = "<group>"; };
		4837DD8428100C32007A9710 /* LandmarkDetail.swift */ = {isa = PBXFileReference; lastKnownFileType = sourcecode.swift; path = LandmarkDetail.swift; sourceTree = "<group>"; };
		483EEE14283E753700B2D088 /* Profile.swift */ = {isa = PBXFileReference; lastKnownFileType = sourcecode.swift; path = Profile.swift; sourceTree = "<group>"; };
		483EEE17283E758F00B2D088 /* ProfileHost.swift */ = {isa = PBXFileReference; lastKnownFileType = sourcecode.swift; path = ProfileHost.swift; sourceTree = "<group>"; };
		483EEE19283E75C900B2D088 /* ProfileSummary.swift */ = {isa = PBXFileReference; lastKnownFileType = sourcecode.swift; path = ProfileSummary.swift; sourceTree = "<group>"; };
		483EEE1B283E764600B2D088 /* HikeBadge.swift */ = {isa = PBXFileReference; lastKnownFileType = sourcecode.swift; path = HikeBadge.swift; sourceTree = "<group>"; };
		4859A5AC283E316B002706C4 /* FavoriteButton.swift */ = {isa = PBXFileReference; lastKnownFileType = sourcecode.swift; path = FavoriteButton.swift; sourceTree = "<group>"; };
		4859A5B0283E43A4002706C4 /* HexagonParameters.swift */ = {isa = PBXFileReference; lastKnownFileType = sourcecode.swift; path = HexagonParameters.swift; sourceTree = "<group>"; };
		4859A5B2283E472F002706C4 /* BadgeBackground.swift */ = {isa = PBXFileReference; lastKnownFileType = sourcecode.swift; path = BadgeBackground.swift; sourceTree = "<group>"; };
		4859A5B5283E4CF3002706C4 /* BadgeSymbol.swift */ = {isa = PBXFileReference; lastKnownFileType = sourcecode.swift; path = BadgeSymbol.swift; sourceTree = "<group>"; };
		4859A5B7283E4E02002706C4 /* RotatedBadgeSymbol.swift */ = {isa = PBXFileReference; lastKnownFileType = sourcecode.swift; path = RotatedBadgeSymbol.swift; sourceTree = "<group>"; };
		4859A5B9283E4E9B002706C4 /* Badge.swift */ = {isa = PBXFileReference; lastKnownFileType = sourcecode.swift; path = Badge.swift; sourceTree = "<group>"; };
		4859A5BB283E524B002706C4 /* hikeData.json */ = {isa = PBXFileReference; fileEncoding = 4; lastKnownFileType = text.json; path = hikeData.json; sourceTree = "<group>"; };
		4859A5BD283E5267002706C4 /* Hike.swift */ = {isa = PBXFileReference; lastKnownFileType = sourcecode.swift; path = Hike.swift; sourceTree = "<group>"; };
		4859A5C2283E5427002706C4 /* GraphCapsule.swift */ = {isa = PBXFileReference; fileEncoding = 4; lastKnownFileType = sourcecode.swift; path = GraphCapsule.swift; sourceTree = "<group>"; };
		4859A5C3283E5427002706C4 /* HikeGraph.swift */ = {isa = PBXFileReference; fileEncoding = 4; lastKnownFileType = sourcecode.swift; path = HikeGraph.swift; sourceTree = "<group>"; };
		4859A5C4283E5427002706C4 /* HikeDetail.swift */ = {isa = PBXFileReference; fileEncoding = 4; lastKnownFileType = sourcecode.swift; path = HikeDetail.swift; sourceTree = "<group>"; };
		4859A5C5283E5427002706C4 /* HikeView.swift */ = {isa = PBXFileReference; fileEncoding = 4; lastKnownFileType = sourcecode.swift; path = HikeView.swift; sourceTree = "<group>"; };
		4859A5CB283E6527002706C4 /* CategoryHome.swift */ = {isa = PBXFileReference; lastKnownFileType = sourcecode.swift; path = CategoryHome.swift; sourceTree = "<group>"; };
		4859A5CD283E6822002706C4 /* CategoryRow.swift */ = {isa = PBXFileReference; lastKnownFileType = sourcecode.swift; path = CategoryRow.swift; sourceTree = "<group>"; };
		4859A5CF283E69E7002706C4 /* CategoryItem.swift */ = {isa = PBXFileReference; lastKnownFileType = sourcecode.swift; path = CategoryItem.swift; sourceTree = "<group>"; };
/* End PBXFileReference section */

/* Begin PBXFrameworksBuildPhase section */
		4837DD432806D4D4007A9710 /* Frameworks */ = {
			isa = PBXFrameworksBuildPhase;
			buildActionMask = 2147483647;
			files = (
			);
			runOnlyForDeploymentPostprocessing = 0;
		};
		4837DD532806D4DA007A9710 /* Frameworks */ = {
			isa = PBXFrameworksBuildPhase;
			buildActionMask = 2147483647;
			files = (
			);
			runOnlyForDeploymentPostprocessing = 0;
		};
		4837DD5D2806D4DA007A9710 /* Frameworks */ = {
			isa = PBXFrameworksBuildPhase;
			buildActionMask = 2147483647;
			files = (
			);
			runOnlyForDeploymentPostprocessing = 0;
		};
/* End PBXFrameworksBuildPhase section */

/* Begin PBXGroup section */
		4837DD3D2806D4D4007A9710 = {
			isa = PBXGroup;
			children = (
				4837DD482806D4D4007A9710 /* Landmarks */,
				4837DD592806D4DA007A9710 /* LandmarksTests */,
				4837DD632806D4DA007A9710 /* LandmarksUITests */,
				4837DD472806D4D4007A9710 /* Products */,
			);
			sourceTree = "<group>";
		};
		4837DD472806D4D4007A9710 /* Products */ = {
			isa = PBXGroup;
			children = (
				4837DD462806D4D4007A9710 /* Landmarks.app */,
				4837DD562806D4DA007A9710 /* LandmarksTests.xctest */,
				4837DD602806D4DA007A9710 /* LandmarksUITests.xctest */,
			);
			name = Products;
			sourceTree = "<group>";
		};
		4837DD482806D4D4007A9710 /* Landmarks */ = {
			isa = PBXGroup;
			children = (
				4837DD492806D4D4007A9710 /* LandmarksApp.swift */,
				4837DD4B2806D4D4007A9710 /* ContentView.swift */,
				4837DD4D2806D4D9007A9710 /* Assets.xcassets */,
				4837DD7D2810058A007A9710 /* Views */,
				4837DD7F281005B6007A9710 /* Model */,
				4837DD7E281005A1007A9710 /* Resources */,
				4837DD4F2806D4D9007A9710 /* Preview Content */,
			);
			path = Landmarks;
			sourceTree = "<group>";
		};
		4837DD4F2806D4D9007A9710 /* Preview Content */ = {
			isa = PBXGroup;
			children = (
				4837DD502806D4D9007A9710 /* Preview Assets.xcassets */,
			);
			path = "Preview Content";
			sourceTree = "<group>";
		};
		4837DD592806D4DA007A9710 /* LandmarksTests */ = {
			isa = PBXGroup;
			children = (
				4837DD5A2806D4DA007A9710 /* LandmarksTests.swift */,
			);
			path = LandmarksTests;
			sourceTree = "<group>";
		};
		4837DD632806D4DA007A9710 /* LandmarksUITests */ = {
			isa = PBXGroup;
			children = (
				4837DD642806D4DA007A9710 /* LandmarksUITests.swift */,
				4837DD662806D4DA007A9710 /* LandmarksUITestsLaunchTests.swift */,
			);
			path = LandmarksUITests;
			sourceTree = "<group>";
		};
		4837DD7D2810058A007A9710 /* Views */ = {
			isa = PBXGroup;
			children = (
				483EEE16283E757500B2D088 /* Profiles */,
				4859A5CA283E64FC002706C4 /* Categories */,
				4859A5C1283E5427002706C4 /* Hikes */,
				4859A5B4283E4CA6002706C4 /* Badges */,
				4859A5AE283E3234002706C4 /* Helpers */,
				4859A5AF283E3249002706C4 /* Landmarks */,
			);
			path = Views;
			sourceTree = "<group>";
		};
		4837DD7E281005A1007A9710 /* Resources */ = {
			isa = PBXGroup;
			children = (
				4859A5BB283E524B002706C4 /* hikeData.json */,
				4837DD772806FFED007A9710 /* landmarkData.json */,
			);
			path = Resources;
			sourceTree = "<group>";
		};
		4837DD7F281005B6007A9710 /* Model */ = {
			isa = PBXGroup;
			children = (
				4837DD792807000B007A9710 /* Landmark.swift */,
				4837DD7B2807062C007A9710 /* ModelData.swift */,
				4859A5BD283E5267002706C4 /* Hike.swift */,
				483EEE14283E753700B2D088 /* Profile.swift */,
			);
			path = Model;
			sourceTree = "<group>";
		};
		483EEE16283E757500B2D088 /* Profiles */ = {
			isa = PBXGroup;
			children = (
				483EEE17283E758F00B2D088 /* ProfileHost.swift */,
				483EEE19283E75C900B2D088 /* ProfileSummary.swift */,
			);
			path = Profiles;
			sourceTree = "<group>";
		};
		4859A5AE283E3234002706C4 /* Helpers */ = {
			isa = PBXGroup;
			children = (
				4837DD732806DB2B007A9710 /* CircleImage.swift */,
				4837DD752806DD62007A9710 /* MapView.swift */,
				4859A5AC283E316B002706C4 /* FavoriteButton.swift */,
			);
			path = Helpers;
			sourceTree = "<group>";
		};
		4859A5AF283E3249002706C4 /* Landmarks */ = {
			isa = PBXGroup;
			children = (
				4837DD8028100601007A9710 /* LandmarkRow.swift */,
				4837DD822810092D007A9710 /* LandmarkList.swift */,
				4837DD8428100C32007A9710 /* LandmarkDetail.swift */,
			);
			path = Landmarks;
			sourceTree = "<group>";
		};
		4859A5B4283E4CA6002706C4 /* Badges */ = {
			isa = PBXGroup;
			children = (
				4859A5B9283E4E9B002706C4 /* Badge.swift */,
				4859A5B2283E472F002706C4 /* BadgeBackground.swift */,
				4859A5B5283E4CF3002706C4 /* BadgeSymbol.swift */,
				4859A5B7283E4E02002706C4 /* RotatedBadgeSymbol.swift */,
				4859A5B0283E43A4002706C4 /* HexagonParameters.swift */,
			);
			path = Badges;
			sourceTree = "<group>";
		};
		4859A5C1283E5427002706C4 /* Hikes */ = {
			isa = PBXGroup;
			children = (
				4859A5C2283E5427002706C4 /* GraphCapsule.swift */,
				4859A5C3283E5427002706C4 /* HikeGraph.swift */,
				4859A5C4283E5427002706C4 /* HikeDetail.swift */,
				4859A5C5283E5427002706C4 /* HikeView.swift */,
				483EEE1B283E764600B2D088 /* HikeBadge.swift */,
			);
			path = Hikes;
			sourceTree = "<group>";
		};
		4859A5CA283E64FC002706C4 /* Categories */ = {
			isa = PBXGroup;
			children = (
				4859A5CB283E6527002706C4 /* CategoryHome.swift */,
				4859A5CD283E6822002706C4 /* CategoryRow.swift */,
				4859A5CF283E69E7002706C4 /* CategoryItem.swift */,
			);
			path = Categories;
			sourceTree = "<group>";
		};
/* End PBXGroup section */

/* Begin PBXNativeTarget section */
		4837DD452806D4D4007A9710 /* Landmarks */ = {
			isa = PBXNativeTarget;
			buildConfigurationList = 4837DD6A2806D4DA007A9710 /* Build configuration list for PBXNativeTarget "Landmarks" */;
			buildPhases = (
				4837DD422806D4D4007A9710 /* Sources */,
				4837DD432806D4D4007A9710 /* Frameworks */,
				4837DD442806D4D4007A9710 /* Resources */,
			);
			buildRules = (
			);
			dependencies = (
			);
			name = Landmarks;
			productName = Landmarks;
			productReference = 4837DD462806D4D4007A9710 /* Landmarks.app */;
			productType = "com.apple.product-type.application";
		};
		4837DD552806D4DA007A9710 /* LandmarksTests */ = {
			isa = PBXNativeTarget;
			buildConfigurationList = 4837DD6D2806D4DA007A9710 /* Build configuration list for PBXNativeTarget "LandmarksTests" */;
			buildPhases = (
				4837DD522806D4DA007A9710 /* Sources */,
				4837DD532806D4DA007A9710 /* Frameworks */,
				4837DD542806D4DA007A9710 /* Resources */,
			);
			buildRules = (
			);
			dependencies = (
				4837DD582806D4DA007A9710 /* PBXTargetDependency */,
			);
			name = LandmarksTests;
			productName = LandmarksTests;
			productReference = 4837DD562806D4DA007A9710 /* LandmarksTests.xctest */;
			productType = "com.apple.product-type.bundle.unit-test";
		};
		4837DD5F2806D4DA007A9710 /* LandmarksUITests */ = {
			isa = PBXNativeTarget;
			buildConfigurationList = 4837DD702806D4DA007A9710 /* Build configuration list for PBXNativeTarget "LandmarksUITests" */;
			buildPhases = (
				4837DD5C2806D4DA007A9710 /* Sources */,
				4837DD5D2806D4DA007A9710 /* Frameworks */,
				4837DD5E2806D4DA007A9710 /* Resources */,
			);
			buildRules = (
			);
			dependencies = (
				4837DD622806D4DA007A9710 /* PBXTargetDependency */,
			);
			name = LandmarksUITests;
			productName = LandmarksUITests;
			productReference = 4837DD602806D4DA007A9710 /* LandmarksUITests.xctest */;
			productType = "com.apple.product-type.bundle.ui-testing";
		};
/* End PBXNativeTarget section */

/* Begin PBXProject section */
		4837DD3E2806D4D4007A9710 /* Project object */ = {
			isa = PBXProject;
			attributes = {
				BuildIndependentTargetsInParallel = 1;
				LastSwiftUpdateCheck = 1330;
				LastUpgradeCheck = 1330;
				TargetAttributes = {
					4837DD452806D4D4007A9710 = {
						CreatedOnToolsVersion = 13.3;
					};
					4837DD552806D4DA007A9710 = {
						CreatedOnToolsVersion = 13.3;
						TestTargetID = 4837DD452806D4D4007A9710;
					};
					4837DD5F2806D4DA007A9710 = {
						CreatedOnToolsVersion = 13.3;
						TestTargetID = 4837DD452806D4D4007A9710;
					};
				};
			};
			buildConfigurationList = 4837DD412806D4D4007A9710 /* Build configuration list for PBXProject "Landmarks" */;
			compatibilityVersion = "Xcode 13.0";
			developmentRegion = en;
			hasScannedForEncodings = 0;
			knownRegions = (
				en,
				Base,
			);
			mainGroup = 4837DD3D2806D4D4007A9710;
			productRefGroup = 4837DD472806D4D4007A9710 /* Products */;
			projectDirPath = "";
			projectRoot = "";
			targets = (
				4837DD452806D4D4007A9710 /* Landmarks */,
				4837DD552806D4DA007A9710 /* LandmarksTests */,
				4837DD5F2806D4DA007A9710 /* LandmarksUITests */,
			);
		};
/* End PBXProject section */

/* Begin PBXResourcesBuildPhase section */
		4837DD442806D4D4007A9710 /* Resources */ = {
			isa = PBXResourcesBuildPhase;
			buildActionMask = 2147483647;
			files = (
				4859A5BC283E524B002706C4 /* hikeData.json in Resources */,
				4837DD512806D4D9007A9710 /* Preview Assets.xcassets in Resources */,
				4837DD4E2806D4D9007A9710 /* Assets.xcassets in Resources */,
				4837DD782806FFED007A9710 /* landmarkData.json in Resources */,
			);
			runOnlyForDeploymentPostprocessing = 0;
		};
		4837DD542806D4DA007A9710 /* Resources */ = {
			isa = PBXResourcesBuildPhase;
			buildActionMask = 2147483647;
			files = (
			);
			runOnlyForDeploymentPostprocessing = 0;
		};
		4837DD5E2806D4DA007A9710 /* Resources */ = {
			isa = PBXResourcesBuildPhase;
			buildActionMask = 2147483647;
			files = (
			);
			runOnlyForDeploymentPostprocessing = 0;
		};
/* End PBXResourcesBuildPhase section */

/* Begin PBXSourcesBuildPhase section */
		4837DD422806D4D4007A9710 /* Sources */ = {
			isa = PBXSourcesBuildPhase;
			buildActionMask = 2147483647;
			files = (
				4859A5CE283E6822002706C4 /* CategoryRow.swift in Sources */,
				483EEE15283E753700B2D088 /* Profile.swift in Sources */,
				4837DD4C2806D4D4007A9710 /* ContentView.swift in Sources */,
				4859A5CC283E6527002706C4 /* CategoryHome.swift in Sources */,
				4859A5C7283E5427002706C4 /* HikeGraph.swift in Sources */,
				4859A5BA283E4E9B002706C4 /* Badge.swift in Sources */,
				4837DD762806DD62007A9710 /* MapView.swift in Sources */,
				4859A5C6283E5427002706C4 /* GraphCapsule.swift in Sources */,
				4837DD4A2806D4D4007A9710 /* LandmarksApp.swift in Sources */,
				4859A5AD283E316B002706C4 /* FavoriteButton.swift in Sources */,
				4859A5D0283E69E7002706C4 /* CategoryItem.swift in Sources */,
				4859A5C8283E5427002706C4 /* HikeDetail.swift in Sources */,
				483EEE1A283E75C900B2D088 /* ProfileSummary.swift in Sources */,
				4859A5B1283E43A4002706C4 /* HexagonParameters.swift in Sources */,
				483EEE18283E758F00B2D088 /* ProfileHost.swift in Sources */,
				4859A5BE283E5267002706C4 /* Hike.swift in Sources */,
				4859A5B8283E4E02002706C4 /* RotatedBadgeSymbol.swift in Sources */,
				4859A5B6283E4CF3002706C4 /* BadgeSymbol.swift in Sources */,
				4837DD832810092D007A9710 /* LandmarkList.swift in Sources */,
				4859A5C9283E5427002706C4 /* HikeView.swift in Sources */,
				4837DD8528100C32007A9710 /* LandmarkDetail.swift in Sources */,
				4859A5B3283E472F002706C4 /* BadgeBackground.swift in Sources */,
				483EEE1C283E764600B2D088 /* HikeBadge.swift in Sources */,
				4837DD742806DB2B007A9710 /* CircleImage.swift in Sources */,
				4837DD7A2807000B007A9710 /* Landmark.swift in Sources */,
				4837DD8128100601007A9710 /* LandmarkRow.swift in Sources */,
				4837DD7C2807062C007A9710 /* ModelData.swift in Sources */,
			);
			runOnlyForDeploymentPostprocessing = 0;
		};
		4837DD522806D4DA007A9710 /* Sources */ = {
			isa = PBXSourcesBuildPhase;
			buildActionMask = 2147483647;
			files = (
				4837DD5B2806D4DA007A9710 /* LandmarksTests.swift in Sources */,
			);
			runOnlyForDeploymentPostprocessing = 0;
		};
		4837DD5C2806D4DA007A9710 /* Sources */ = {
			isa = PBXSourcesBuildPhase;
			buildActionMask = 2147483647;
			files = (
				4837DD672806D4DA007A9710 /* LandmarksUITestsLaunchTests.swift in Sources */,
				4837DD652806D4DA007A9710 /* LandmarksUITests.swift in Sources */,
			);
			runOnlyForDeploymentPostprocessing = 0;
		};
/* End PBXSourcesBuildPhase section */

/* Begin PBXTargetDependency section */
		4837DD582806D4DA007A9710 /* PBXTargetDependency */ = {
			isa = PBXTargetDependency;
			target = 4837DD452806D4D4007A9710 /* Landmarks */;
			targetProxy = 4837DD572806D4DA007A9710 /* PBXContainerItemProxy */;
		};
		4837DD622806D4DA007A9710 /* PBXTargetDependency */ = {
			isa = PBXTargetDependency;
			target = 4837DD452806D4D4007A9710 /* Landmarks */;
			targetProxy = 4837DD612806D4DA007A9710 /* PBXContainerItemProxy */;
		};
/* End PBXTargetDependency section */

/* Begin XCBuildConfiguration section */
		4837DD682806D4DA007A9710 /* Debug */ = {
			isa = XCBuildConfiguration;
			buildSettings = {
				ALWAYS_SEARCH_USER_PATHS = NO;
				CLANG_ANALYZER_NONNULL = YES;
				CLANG_ANALYZER_NUMBER_OBJECT_CONVERSION = YES_AGGRESSIVE;
				CLANG_CXX_LANGUAGE_STANDARD = "gnu++17";
				CLANG_ENABLE_MODULES = YES;
				CLANG_ENABLE_OBJC_ARC = YES;
				CLANG_ENABLE_OBJC_WEAK = YES;
				CLANG_WARN_BLOCK_CAPTURE_AUTORELEASING = YES;
				CLANG_WARN_BOOL_CONVERSION = YES;
				CLANG_WARN_COMMA = YES;
				CLANG_WARN_CONSTANT_CONVERSION = YES;
				CLANG_WARN_DEPRECATED_OBJC_IMPLEMENTATIONS = YES;
				CLANG_WARN_DIRECT_OBJC_ISA_USAGE = YES_ERROR;
				CLANG_WARN_DOCUMENTATION_COMMENTS = YES;
				CLANG_WARN_EMPTY_BODY = YES;
				CLANG_WARN_ENUM_CONVERSION = YES;
				CLANG_WARN_INFINITE_RECURSION = YES;
				CLANG_WARN_INT_CONVERSION = YES;
				CLANG_WARN_NON_LITERAL_NULL_CONVERSION = YES;
				CLANG_WARN_OBJC_IMPLICIT_RETAIN_SELF = YES;
				CLANG_WARN_OBJC_LITERAL_CONVERSION = YES;
				CLANG_WARN_OBJC_ROOT_CLASS = YES_ERROR;
				CLANG_WARN_QUOTED_INCLUDE_IN_FRAMEWORK_HEADER = YES;
				CLANG_WARN_RANGE_LOOP_ANALYSIS = YES;
				CLANG_WARN_STRICT_PROTOTYPES = YES;
				CLANG_WARN_SUSPICIOUS_MOVE = YES;
				CLANG_WARN_UNGUARDED_AVAILABILITY = YES_AGGRESSIVE;
				CLANG_WARN_UNREACHABLE_CODE = YES;
				CLANG_WARN__DUPLICATE_METHOD_MATCH = YES;
				COPY_PHASE_STRIP = NO;
				DEBUG_INFORMATION_FORMAT = dwarf;
				ENABLE_STRICT_OBJC_MSGSEND = YES;
				ENABLE_TESTABILITY = YES;
				GCC_C_LANGUAGE_STANDARD = gnu11;
				GCC_DYNAMIC_NO_PIC = NO;
				GCC_NO_COMMON_BLOCKS = YES;
				GCC_OPTIMIZATION_LEVEL = 0;
				GCC_PREPROCESSOR_DEFINITIONS = (
					"DEBUG=1",
					"$(inherited)",
				);
				GCC_WARN_64_TO_32_BIT_CONVERSION = YES;
				GCC_WARN_ABOUT_RETURN_TYPE = YES_ERROR;
				GCC_WARN_UNDECLARED_SELECTOR = YES;
				GCC_WARN_UNINITIALIZED_AUTOS = YES_AGGRESSIVE;
				GCC_WARN_UNUSED_FUNCTION = YES;
				GCC_WARN_UNUSED_VARIABLE = YES;
				IPHONEOS_DEPLOYMENT_TARGET = 15.4;
				MTL_ENABLE_DEBUG_INFO = INCLUDE_SOURCE;
				MTL_FAST_MATH = YES;
				ONLY_ACTIVE_ARCH = YES;
				SDKROOT = iphoneos;
				SWIFT_ACTIVE_COMPILATION_CONDITIONS = DEBUG;
				SWIFT_OPTIMIZATION_LEVEL = "-Onone";
			};
			name = Debug;
		};
		4837DD692806D4DA007A9710 /* Release */ = {
			isa = XCBuildConfiguration;
			buildSettings = {
				ALWAYS_SEARCH_USER_PATHS = NO;
				CLANG_ANALYZER_NONNULL = YES;
				CLANG_ANALYZER_NUMBER_OBJECT_CONVERSION = YES_AGGRESSIVE;
				CLANG_CXX_LANGUAGE_STANDARD = "gnu++17";
				CLANG_ENABLE_MODULES = YES;
				CLANG_ENABLE_OBJC_ARC = YES;
				CLANG_ENABLE_OBJC_WEAK = YES;
				CLANG_WARN_BLOCK_CAPTURE_AUTORELEASING = YES;
				CLANG_WARN_BOOL_CONVERSION = YES;
				CLANG_WARN_COMMA = YES;
				CLANG_WARN_CONSTANT_CONVERSION = YES;
				CLANG_WARN_DEPRECATED_OBJC_IMPLEMENTATIONS = YES;
				CLANG_WARN_DIRECT_OBJC_ISA_USAGE = YES_ERROR;
				CLANG_WARN_DOCUMENTATION_COMMENTS = YES;
				CLANG_WARN_EMPTY_BODY = YES;
				CLANG_WARN_ENUM_CONVERSION = YES;
				CLANG_WARN_INFINITE_RECURSION = YES;
				CLANG_WARN_INT_CONVERSION = YES;
				CLANG_WARN_NON_LITERAL_NULL_CONVERSION = YES;
				CLANG_WARN_OBJC_IMPLICIT_RETAIN_SELF = YES;
				CLANG_WARN_OBJC_LITERAL_CONVERSION = YES;
				CLANG_WARN_OBJC_ROOT_CLASS = YES_ERROR;
				CLANG_WARN_QUOTED_INCLUDE_IN_FRAMEWORK_HEADER = YES;
				CLANG_WARN_RANGE_LOOP_ANALYSIS = YES;
				CLANG_WARN_STRICT_PROTOTYPES = YES;
				CLANG_WARN_SUSPICIOUS_MOVE = YES;
				CLANG_WARN_UNGUARDED_AVAILABILITY = YES_AGGRESSIVE;
				CLANG_WARN_UNREACHABLE_CODE = YES;
				CLANG_WARN__DUPLICATE_METHOD_MATCH = YES;
				COPY_PHASE_STRIP = NO;
				DEBUG_INFORMATION_FORMAT = "dwarf-with-dsym";
				ENABLE_NS_ASSERTIONS = NO;
				ENABLE_STRICT_OBJC_MSGSEND = YES;
				GCC_C_LANGUAGE_STANDARD = gnu11;
				GCC_NO_COMMON_BLOCKS = YES;
				GCC_WARN_64_TO_32_BIT_CONVERSION = YES;
				GCC_WARN_ABOUT_RETURN_TYPE = YES_ERROR;
				GCC_WARN_UNDECLARED_SELECTOR = YES;
				GCC_WARN_UNINITIALIZED_AUTOS = YES_AGGRESSIVE;
				GCC_WARN_UNUSED_FUNCTION = YES;
				GCC_WARN_UNUSED_VARIABLE = YES;
				IPHONEOS_DEPLOYMENT_TARGET = 15.4;
				MTL_ENABLE_DEBUG_INFO = NO;
				MTL_FAST_MATH = YES;
				SDKROOT = iphoneos;
				SWIFT_COMPILATION_MODE = wholemodule;
				SWIFT_OPTIMIZATION_LEVEL = "-O";
				VALIDATE_PRODUCT = YES;
			};
			name = Release;
		};
		4837DD6B2806D4DA007A9710 /* Debug */ = {
			isa = XCBuildConfiguration;
			buildSettings = {
				ASSETCATALOG_COMPILER_APPICON_NAME = AppIcon;
				ASSETCATALOG_COMPILER_GLOBAL_ACCENT_COLOR_NAME = AccentColor;
				CODE_SIGN_STYLE = Automatic;
				CURRENT_PROJECT_VERSION = 1;
				DEVELOPMENT_ASSET_PATHS = "\"Landmarks/Preview Content\"";
				DEVELOPMENT_TEAM = 6W9M9KTW9B;
				ENABLE_PREVIEWS = YES;
				GENERATE_INFOPLIST_FILE = YES;
				INFOPLIST_KEY_UIApplicationSceneManifest_Generation = YES;
				INFOPLIST_KEY_UIApplicationSupportsIndirectInputEvents = YES;
				INFOPLIST_KEY_UILaunchScreen_Generation = YES;
				INFOPLIST_KEY_UISupportedInterfaceOrientations_iPad = "UIInterfaceOrientationPortrait UIInterfaceOrientationPortraitUpsideDown UIInterfaceOrientationLandscapeLeft UIInterfaceOrientationLandscapeRight";
				INFOPLIST_KEY_UISupportedInterfaceOrientations_iPhone = "UIInterfaceOrientationPortrait UIInterfaceOrientationLandscapeLeft UIInterfaceOrientationLandscapeRight";
				LD_RUNPATH_SEARCH_PATHS = (
					"$(inherited)",
					"@executable_path/Frameworks",
				);
				MARKETING_VERSION = 1.0;
				PRODUCT_BUNDLE_IDENTIFIER = com.WillShardlow.Landmarks;
				PRODUCT_NAME = "$(TARGET_NAME)";
				SWIFT_EMIT_LOC_STRINGS = YES;
				SWIFT_VERSION = 5.0;
				TARGETED_DEVICE_FAMILY = "1,2";
			};
			name = Debug;
		};
		4837DD6C2806D4DA007A9710 /* Release */ = {
			isa = XCBuildConfiguration;
			buildSettings = {
				ASSETCATALOG_COMPILER_APPICON_NAME = AppIcon;
				ASSETCATALOG_COMPILER_GLOBAL_ACCENT_COLOR_NAME = AccentColor;
				CODE_SIGN_STYLE = Automatic;
				CURRENT_PROJECT_VERSION = 1;
				DEVELOPMENT_ASSET_PATHS = "\"Landmarks/Preview Content\"";
				DEVELOPMENT_TEAM = 6W9M9KTW9B;
				ENABLE_PREVIEWS = YES;
				GENERATE_INFOPLIST_FILE = YES;
				INFOPLIST_KEY_UIApplicationSceneManifest_Generation = YES;
				INFOPLIST_KEY_UIApplicationSupportsIndirectInputEvents = YES;
				INFOPLIST_KEY_UILaunchScreen_Generation = YES;
				INFOPLIST_KEY_UISupportedInterfaceOrientations_iPad = "UIInterfaceOrientationPortrait UIInterfaceOrientationPortraitUpsideDown UIInterfaceOrientationLandscapeLeft UIInterfaceOrientationLandscapeRight";
				INFOPLIST_KEY_UISupportedInterfaceOrientations_iPhone = "UIInterfaceOrientationPortrait UIInterfaceOrientationLandscapeLeft UIInterfaceOrientationLandscapeRight";
				LD_RUNPATH_SEARCH_PATHS = (
					"$(inherited)",
					"@executable_path/Frameworks",
				);
				MARKETING_VERSION = 1.0;
				PRODUCT_BUNDLE_IDENTIFIER = com.WillShardlow.Landmarks;
				PRODUCT_NAME = "$(TARGET_NAME)";
				SWIFT_EMIT_LOC_STRINGS = YES;
				SWIFT_VERSION = 5.0;
				TARGETED_DEVICE_FAMILY = "1,2";
			};
			name = Release;
		};
		4837DD6E2806D4DA007A9710 /* Debug */ = {
			isa = XCBuildConfiguration;
			buildSettings = {
				ALWAYS_EMBED_SWIFT_STANDARD_LIBRARIES = YES;
				BUNDLE_LOADER = "$(TEST_HOST)";
				CODE_SIGN_STYLE = Automatic;
				CURRENT_PROJECT_VERSION = 1;
				DEVELOPMENT_TEAM = 6W9M9KTW9B;
				GENERATE_INFOPLIST_FILE = YES;
				IPHONEOS_DEPLOYMENT_TARGET = 15.4;
				MARKETING_VERSION = 1.0;
				PRODUCT_BUNDLE_IDENTIFIER = com.WillShardlow.LandmarksTests;
				PRODUCT_NAME = "$(TARGET_NAME)";
				SWIFT_EMIT_LOC_STRINGS = NO;
				SWIFT_VERSION = 5.0;
				TARGETED_DEVICE_FAMILY = "1,2";
				TEST_HOST = "$(BUILT_PRODUCTS_DIR)/Landmarks.app/Landmarks";
			};
			name = Debug;
		};
		4837DD6F2806D4DA007A9710 /* Release */ = {
			isa = XCBuildConfiguration;
			buildSettings = {
				ALWAYS_EMBED_SWIFT_STANDARD_LIBRARIES = YES;
				BUNDLE_LOADER = "$(TEST_HOST)";
				CODE_SIGN_STYLE = Automatic;
				CURRENT_PROJECT_VERSION = 1;
				DEVELOPMENT_TEAM = 6W9M9KTW9B;
				GENERATE_INFOPLIST_FILE = YES;
				IPHONEOS_DEPLOYMENT_TARGET = 15.4;
				MARKETING_VERSION = 1.0;
				PRODUCT_BUNDLE_IDENTIFIER = com.WillShardlow.LandmarksTests;
				PRODUCT_NAME = "$(TARGET_NAME)";
				SWIFT_EMIT_LOC_STRINGS = NO;
				SWIFT_VERSION = 5.0;
				TARGETED_DEVICE_FAMILY = "1,2";
				TEST_HOST = "$(BUILT_PRODUCTS_DIR)/Landmarks.app/Landmarks";
			};
			name = Release;
		};
		4837DD712806D4DA007A9710 /* Debug */ = {
			isa = XCBuildConfiguration;
			buildSettings = {
				ALWAYS_EMBED_SWIFT_STANDARD_LIBRARIES = YES;
				CODE_SIGN_STYLE = Automatic;
				CURRENT_PROJECT_VERSION = 1;
				DEVELOPMENT_TEAM = 6W9M9KTW9B;
				GENERATE_INFOPLIST_FILE = YES;
				MARKETING_VERSION = 1.0;
				PRODUCT_BUNDLE_IDENTIFIER = com.WillShardlow.LandmarksUITests;
				PRODUCT_NAME = "$(TARGET_NAME)";
				SWIFT_EMIT_LOC_STRINGS = NO;
				SWIFT_VERSION = 5.0;
				TARGETED_DEVICE_FAMILY = "1,2";
				TEST_TARGET_NAME = Landmarks;
			};
			name = Debug;
		};
		4837DD722806D4DA007A9710 /* Release */ = {
			isa = XCBuildConfiguration;
			buildSettings = {
				ALWAYS_EMBED_SWIFT_STANDARD_LIBRARIES = YES;
				CODE_SIGN_STYLE = Automatic;
				CURRENT_PROJECT_VERSION = 1;
				DEVELOPMENT_TEAM = 6W9M9KTW9B;
				GENERATE_INFOPLIST_FILE = YES;
				MARKETING_VERSION = 1.0;
				PRODUCT_BUNDLE_IDENTIFIER = com.WillShardlow.LandmarksUITests;
				PRODUCT_NAME = "$(TARGET_NAME)";
				SWIFT_EMIT_LOC_STRINGS = NO;
				SWIFT_VERSION = 5.0;
				TARGETED_DEVICE_FAMILY = "1,2";
				TEST_TARGET_NAME = Landmarks;
			};
			name = Release;
		};
/* End XCBuildConfiguration section */

/* Begin XCConfigurationList section */
		4837DD412806D4D4007A9710 /* Build configuration list for PBXProject "Landmarks" */ = {
			isa = XCConfigurationList;
			buildConfigurations = (
				4837DD682806D4DA007A9710 /* Debug */,
				4837DD692806D4DA007A9710 /* Release */,
			);
			defaultConfigurationIsVisible = 0;
			defaultConfigurationName = Release;
		};
		4837DD6A2806D4DA007A9710 /* Build configuration list for PBXNativeTarget "Landmarks" */ = {
			isa = XCConfigurationList;
			buildConfigurations = (
				4837DD6B2806D4DA007A9710 /* Debug */,
				4837DD6C2806D4DA007A9710 /* Release */,
			);
			defaultConfigurationIsVisible = 0;
			defaultConfigurationName = Release;
		};
		4837DD6D2806D4DA007A9710 /* Build configuration list for PBXNativeTarget "LandmarksTests" */ = {
			isa = XCConfigurationList;
			buildConfigurations = (
				4837DD6E2806D4DA007A9710 /* Debug */,
				4837DD6F2806D4DA007A9710 /* Release */,
			);
			defaultConfigurationIsVisible = 0;
			defaultConfigurationName = Release;
		};
		4837DD702806D4DA007A9710 /* Build configuration list for PBXNativeTarget "LandmarksUITests" */ = {
			isa = XCConfigurationList;
			buildConfigurations = (
				4837DD712806D4DA007A9710 /* Debug */,
				4837DD722806D4DA007A9710 /* Release */,
			);
			defaultConfigurationIsVisible = 0;
			defaultConfigurationName = Release;
		};
/* End XCConfigurationList section */
	};
	rootObject = 4837DD3E2806D4D4007A9710 /* Project object */;
}
